
Microsoft Visual Studio Solution File, Format Version 12.00
# Visual Studio 15
VisualStudioVersion = 15.0.27004.2010
MinimumVisualStudioVersion = 10.0.40219.1
Project("{FAE04EC0-301F-11D3-BF4B-00C04F79EFBC}") = "Products.Application", "Products.Application\Products.Application.csproj", "{376F1DC2-6B9A-4C5A-8684-42432D69A607}"
EndProject
Project("{FAE04EC0-301F-11D3-BF4B-00C04F79EFBC}") = "Products.Data", "Products.Data\Products.Data.csproj", "{D03FB1DC-DE24-4F09-B10C-1D9652F66B55}"
EndProject
Project("{FAE04EC0-301F-11D3-BF4B-00C04F79EFBC}") = "Products.Models", "Products.Models\Products.Models.csproj", "{5DEDABE6-7AE3-4746-8C54-4007DA84F494}"
EndProject
Global
	GlobalSection(SolutionConfigurationPlatforms) = preSolution
		Debug|Any CPU = Debug|Any CPU
		Release|Any CPU = Release|Any CPU
	EndGlobalSection
	GlobalSection(ProjectConfigurationPlatforms) = postSolution
		{376F1DC2-6B9A-4C5A-8684-42432D69A607}.Debug|Any CPU.ActiveCfg = Debug|Any CPU
		{376F1DC2-6B9A-4C5A-8684-42432D69A607}.Debug|Any CPU.Build.0 = Debug|Any CPU
		{376F1DC2-6B9A-4C5A-8684-42432D69A607}.Release|Any CPU.ActiveCfg = Release|Any CPU
		{376F1DC2-6B9A-4C5A-8684-42432D69A607}.Release|Any CPU.Build.0 = Release|Any CPU
		{D03FB1DC-DE24-4F09-B10C-1D9652F66B55}.Debug|Any CPU.ActiveCfg = Debug|Any CPU
		{D03FB1DC-DE24-4F09-B10C-1D9652F66B55}.Debug|Any CPU.Build.0 = Debug|Any CPU
		{D03FB1DC-DE24-4F09-B10C-1D9652F66B55}.Release|Any CPU.ActiveCfg = Release|Any CPU
		{D03FB1DC-DE24-4F09-B10C-1D9652F66B55}.Release|Any CPU.Build.0 = Release|Any CPU
		{5DEDABE6-7AE3-4746-8C54-4007DA84F494}.Debug|Any CPU.ActiveCfg = Debug|Any CPU
		{5DEDABE6-7AE3-4746-8C54-4007DA84F494}.Debug|Any CPU.Build.0 = Debug|Any CPU
		{5DEDABE6-7AE3-4746-8C54-4007DA84F494}.Release|Any CPU.ActiveCfg = Release|Any CPU
		{5DEDABE6-7AE3-4746-8C54-4007DA84F494}.Release|Any CPU.Build.0 = Release|Any CPU
	EndGlobalSection
	GlobalSection(SolutionProperties) = preSolution
		HideSolutionNode = FALSE
	EndGlobalSection
	GlobalSection(ExtensibilityGlobals) = postSolution
		SolutionGuid = {FF740DF3-B0E2-4CD7-88C0-8EF0D897FC67}
	EndGlobalSection
EndGlobal
