
Microsoft Visual Studio Solution File, Format Version 12.00
# Visual Studio 15
VisualStudioVersion = 15.0.27004.2008
MinimumVisualStudioVersion = 10.0.40219.1
Project("{FAE04EC0-301F-11D3-BF4B-00C04F79EFBC}") = "P01_StudentSystem", "P01_StudentSystem\P01_StudentSystem.csproj", "{A1068BEF-4DD2-4123-BEB8-A309E2AAC1FB}"
EndProject
Global
	GlobalSection(SolutionConfigurationPlatforms) = preSolution
		Debug|Any CPU = Debug|Any CPU
		Release|Any CPU = Release|Any CPU
	EndGlobalSection
	GlobalSection(ProjectConfigurationPlatforms) = postSolution
		{A1068BEF-4DD2-4123-BEB8-A309E2AAC1FB}.Debug|Any CPU.ActiveCfg = Debug|Any CPU
		{A1068BEF-4DD2-4123-BEB8-A309E2AAC1FB}.Debug|Any CPU.Build.0 = Debug|Any CPU
		{A1068BEF-4DD2-4123-BEB8-A309E2AAC1FB}.Release|Any CPU.ActiveCfg = Release|Any CPU
		{A1068BEF-4DD2-4123-BEB8-A309E2AAC1FB}.Release|Any CPU.Build.0 = Release|Any CPU
	EndGlobalSection
	GlobalSection(SolutionProperties) = preSolution
		HideSolutionNode = FALSE
	EndGlobalSection
	GlobalSection(ExtensibilityGlobals) = postSolution
		SolutionGuid = {4E88ADC8-C2F8-430E-B1A0-169426F8F9AE}
	EndGlobalSection
EndGlobal
